// !$*UTF8*$!
{
	archiveVersion = 1;
	classes = {
	};
	objectVersion = 56;
	objects = {

/* Begin PBXBuildFile section */
		21FC81072971816F0062BF32 /* AppDelegate.swift in Sources */ = {isa = PBXBuildFile; fileRef = 21FC81062971816F0062BF32 /* AppDelegate.swift */; };
		21FC81092971816F0062BF32 /* SceneDelegate.swift in Sources */ = {isa = PBXBuildFile; fileRef = 21FC81082971816F0062BF32 /* SceneDelegate.swift */; };
		21FC810B2971816F0062BF32 /* ViewController.swift in Sources */ = {isa = PBXBuildFile; fileRef = 21FC810A2971816F0062BF32 /* ViewController.swift */; };
		21FC810E2971816F0062BF32 /* Main.storyboard in Resources */ = {isa = PBXBuildFile; fileRef = 21FC810C2971816F0062BF32 /* Main.storyboard */; };
		21FC8110297181710062BF32 /* Assets.xcassets in Resources */ = {isa = PBXBuildFile; fileRef = 21FC810F297181710062BF32 /* Assets.xcassets */; };
		21FC8113297181710062BF32 /* LaunchScreen.storyboard in Resources */ = {isa = PBXBuildFile; fileRef = 21FC8111297181710062BF32 /* LaunchScreen.storyboard */; };
		21FC811B297273850062BF32 /* ViewControllerbox1.swift in Sources */ = {isa = PBXBuildFile; fileRef = 21FC811A297273850062BF32 /* ViewControllerbox1.swift */; };
		21FC811D29755A5D0062BF32 /* button.swift in Sources */ = {isa = PBXBuildFile; fileRef = 21FC811C29755A5D0062BF32 /* button.swift */; };
/* End PBXBuildFile section */

/* Begin PBXFileReference section */
		21FC81032971816F0062BF32 /* five.app */ = {isa = PBXFileReference; explicitFileType = wrapper.application; includeInIndex = 0; path = five.app; sourceTree = BUILT_PRODUCTS_DIR; };
		21FC81062971816F0062BF32 /* AppDelegate.swift */ = {isa = PBXFileReference; lastKnownFileType = sourcecode.swift; path = AppDelegate.swift; sourceTree = "<group>"; };
		21FC81082971816F0062BF32 /* SceneDelegate.swift */ = {isa = PBXFileReference; lastKnownFileType = sourcecode.swift; path = SceneDelegate.swift; sourceTree = "<group>"; };
		21FC810A2971816F0062BF32 /* ViewController.swift */ = {isa = PBXFileReference; lastKnownFileType = sourcecode.swift; path = ViewController.swift; sourceTree = "<group>"; };
		21FC810D2971816F0062BF32 /* Base */ = {isa = PBXFileReference; lastKnownFileType = file.storyboard; name = Base; path = Base.lproj/Main.storyboard; sourceTree = "<group>"; };
		21FC810F297181710062BF32 /* Assets.xcassets */ = {isa = PBXFileReference; lastKnownFileType = folder.assetcatalog; path = Assets.xcassets; sourceTree = "<group>"; };
		21FC8112297181710062BF32 /* Base */ = {isa = PBXFileReference; lastKnownFileType = file.storyboard; name = Base; path = Base.lproj/LaunchScreen.storyboard; sourceTree = "<group>"; };
		21FC8114297181710062BF32 /* Info.plist */ = {isa = PBXFileReference; lastKnownFileType = text.plist.xml; path = Info.plist; sourceTree = "<group>"; };
		21FC811A297273850062BF32 /* ViewControllerbox1.swift */ = {isa = PBXFileReference; lastKnownFileType = sourcecode.swift; path = ViewControllerbox1.swift; sourceTree = SOURCE_ROOT; };
		21FC811C29755A5D0062BF32 /* button.swift */ = {isa = PBXFileReference; lastKnownFileType = sourcecode.swift; path = button.swift; sourceTree = "<group>"; };
/* End PBXFileReference section */

/* Begin PBXFrameworksBuildPhase section */
		21FC81002971816F0062BF32 /* Frameworks */ = {
			isa = PBXFrameworksBuildPhase;
			buildActionMask = 2147483647;
			files = (
			);
			runOnlyForDeploymentPostprocessing = 0;
		};
/* End PBXFrameworksBuildPhase section */

/* Begin PBXGroup section */
		21FC80FA2971816F0062BF32 = {
			isa = PBXGroup;
			children = (
				21FC81052971816F0062BF32 /* five */,
				21FC81042971816F0062BF32 /* Products */,
			);
			sourceTree = "<group>";
		};
		21FC81042971816F0062BF32 /* Products */ = {
			isa = PBXGroup;
			children = (
				21FC81032971816F0062BF32 /* five.app */,
			);
			name = Products;
			sourceTree = "<group>";
		};
		21FC81052971816F0062BF32 /* five */ = {
			isa = PBXGroup;
			children = (
				21FC81062971816F0062BF32 /* AppDelegate.swift */,
				21FC81082971816F0062BF32 /* SceneDelegate.swift */,
				21FC810A2971816F0062BF32 /* ViewController.swift */,
				21FC810C2971816F0062BF32 /* Main.storyboard */,
				21FC811C29755A5D0062BF32 /* button.swift */,
				21FC811A297273850062BF32 /* ViewControllerbox1.swift */,
				21FC810F297181710062BF32 /* Assets.xcassets */,
				21FC8111297181710062BF32 /* LaunchScreen.storyboard */,
				21FC8114297181710062BF32 /* Info.plist */,
			);
			path = five;
			sourceTree = "<group>";
		};
/* End PBXGroup section */

/* Begin PBXNativeTarget section */
		21FC81022971816F0062BF32 /* five */ = {
			isa = PBXNativeTarget;
			buildConfigurationList = 21FC8117297181710062BF32 /* Build configuration list for PBXNativeTarget "five" */;
			buildPhases = (
				21FC80FF2971816F0062BF32 /* Sources */,
				21FC81002971816F0062BF32 /* Frameworks */,
				21FC81012971816F0062BF32 /* Resources */,
			);
			buildRules = (
			);
			dependencies = (
			);
			name = five;
			productName = five;
			productReference = 21FC81032971816F0062BF32 /* five.app */;
			productType = "com.apple.product-type.application";
		};
/* End PBXNativeTarget section */

/* Begin PBXProject section */
		21FC80FB2971816F0062BF32 /* Project object */ = {
			isa = PBXProject;
			attributes = {
				BuildIndependentTargetsInParallel = 1;
				LastSwiftUpdateCheck = 1420;
				LastUpgradeCheck = 1420;
				TargetAttributes = {
					21FC81022971816F0062BF32 = {
						CreatedOnToolsVersion = 14.2;
					};
				};
			};
			buildConfigurationList = 21FC80FE2971816F0062BF32 /* Build configuration list for PBXProject "five" */;
			compatibilityVersion = "Xcode 14.0";
			developmentRegion = en;
			hasScannedForEncodings = 0;
			knownRegions = (
				en,
				Base,
			);
			mainGroup = 21FC80FA2971816F0062BF32;
			productRefGroup = 21FC81042971816F0062BF32 /* Products */;
			projectDirPath = "";
			projectRoot = "";
			targets = (
				21FC81022971816F0062BF32 /* five */,
			);
		};
/* End PBXProject section */

/* Begin PBXResourcesBuildPhase section */
		21FC81012971816F0062BF32 /* Resources */ = {
			isa = PBXResourcesBuildPhase;
			buildActionMask = 2147483647;
			files = (
				21FC8113297181710062BF32 /* LaunchScreen.storyboard in Resources */,
				21FC8110297181710062BF32 /* Assets.xcassets in Resources */,
				21FC810E2971816F0062BF32 /* Main.storyboard in Resources */,
			);
			runOnlyForDeploymentPostprocessing = 0;
		};
/* End PBXResourcesBuildPhase section */

/* Begin PBXSourcesBuildPhase section */
		21FC80FF2971816F0062BF32 /* Sources */ = {
			isa = PBXSourcesBuildPhase;
			buildActionMask = 2147483647;
			files = (
				21FC811B297273850062BF32 /* ViewControllerbox1.swift in Sources */,
				21FC811D29755A5D0062BF32 /* button.swift in Sources */,
				21FC810B2971816F0062BF32 /* ViewController.swift in Sources */,
				21FC81072971816F0062BF32 /* AppDelegate.swift in Sources */,
				21FC81092971816F0062BF32 /* SceneDelegate.swift in Sources */,
			);
			runOnlyForDeploymentPostprocessing = 0;
		};
/* End PBXSourcesBuildPhase section */

/* Begin PBXVariantGroup section */
		21FC810C2971816F0062BF32 /* Main.storyboard */ = {
			isa = PBXVariantGroup;
			children = (
				21FC810D2971816F0062BF32 /* Base */,
			);
			name = Main.storyboard;
			sourceTree = "<group>";
		};
		21FC8111297181710062BF32 /* LaunchScreen.storyboard */ = {
			isa = PBXVariantGroup;
			children = (
				21FC8112297181710062BF32 /* Base */,
			);
			name = LaunchScreen.storyboard;
			sourceTree = "<group>";
		};
/* End PBXVariantGroup section */

/* Begin XCBuildConfiguration section */
		21FC8115297181710062BF32 /* Debug */ = {
			isa = XCBuildConfiguration;
			buildSettings = {
				ALWAYS_SEARCH_USER_PATHS = NO;
				CLANG_ANALYZER_NONNULL = YES;
				CLANG_ANALYZER_NUMBER_OBJECT_CONVERSION = YES_AGGRESSIVE;
				CLANG_CXX_LANGUAGE_STANDARD = "gnu++20";
				CLANG_ENABLE_MODULES = YES;
				CLANG_ENABLE_OBJC_ARC = YES;
				CLANG_ENABLE_OBJC_WEAK = YES;
				CLANG_WARN_BLOCK_CAPTURE_AUTORELEASING = YES;
				CLANG_WARN_BOOL_CONVERSION = YES;
				CLANG_WARN_COMMA = YES;
				CLANG_WARN_CONSTANT_CONVERSION = YES;
				CLANG_WARN_DEPRECATED_OBJC_IMPLEMENTATIONS = YES;
				CLANG_WARN_DIRECT_OBJC_ISA_USAGE = YES_ERROR;
				CLANG_WARN_DOCUMENTATION_COMMENTS = YES;
				CLANG_WARN_EMPTY_BODY = YES;
				CLANG_WARN_ENUM_CONVERSION = YES;
				CLANG_WARN_INFINITE_RECURSION = YES;
				CLANG_WARN_INT_CONVERSION = YES;
				CLANG_WARN_NON_LITERAL_NULL_CONVERSION = YES;
				CLANG_WARN_OBJC_IMPLICIT_RETAIN_SELF = YES;
				CLANG_WARN_OBJC_LITERAL_CONVERSION = YES;
				CLANG_WARN_OBJC_ROOT_CLASS = YES_ERROR;
				CLANG_WARN_QUOTED_INCLUDE_IN_FRAMEWORK_HEADER = YES;
				CLANG_WARN_RANGE_LOOP_ANALYSIS = YES;
				CLANG_WARN_STRICT_PROTOTYPES = YES;
				CLANG_WARN_SUSPICIOUS_MOVE = YES;
				CLANG_WARN_UNGUARDED_AVAILABILITY = YES_AGGRESSIVE;
				CLANG_WARN_UNREACHABLE_CODE = YES;
				CLANG_WARN__DUPLICATE_METHOD_MATCH = YES;
				COPY_PHASE_STRIP = NO;
				DEBUG_INFORMATION_FORMAT = dwarf;
				ENABLE_STRICT_OBJC_MSGSEND = YES;
				ENABLE_TESTABILITY = YES;
				GCC_C_LANGUAGE_STANDARD = gnu11;
				GCC_DYNAMIC_NO_PIC = NO;
				GCC_NO_COMMON_BLOCKS = YES;
				GCC_OPTIMIZATION_LEVEL = 0;
				GCC_PREPROCESSOR_DEFINITIONS = (
					"DEBUG=1",
					"$(inherited)",
				);
				GCC_WARN_64_TO_32_BIT_CONVERSION = YES;
				GCC_WARN_ABOUT_RETURN_TYPE = YES_ERROR;
				GCC_WARN_UNDECLARED_SELECTOR = YES;
				GCC_WARN_UNINITIALIZED_AUTOS = YES_AGGRESSIVE;
				GCC_WARN_UNUSED_FUNCTION = YES;
				GCC_WARN_UNUSED_VARIABLE = YES;
				IPHONEOS_DEPLOYMENT_TARGET = 14.6;
				MTL_ENABLE_DEBUG_INFO = INCLUDE_SOURCE;
				MTL_FAST_MATH = YES;
				ONLY_ACTIVE_ARCH = YES;
				SDKROOT = iphoneos;
				SWIFT_ACTIVE_COMPILATION_CONDITIONS = DEBUG;
				SWIFT_OPTIMIZATION_LEVEL = "-Onone";
			};
			name = Debug;
		};
		21FC8116297181710062BF32 /* Release */ = {
			isa = XCBuildConfiguration;
			buildSettings = {
				ALWAYS_SEARCH_USER_PATHS = NO;
				CLANG_ANALYZER_NONNULL = YES;
				CLANG_ANALYZER_NUMBER_OBJECT_CONVERSION = YES_AGGRESSIVE;
				CLANG_CXX_LANGUAGE_STANDARD = "gnu++20";
				CLANG_ENABLE_MODULES = YES;
				CLANG_ENABLE_OBJC_ARC = YES;
				CLANG_ENABLE_OBJC_WEAK = YES;
				CLANG_WARN_BLOCK_CAPTURE_AUTORELEASING = YES;
				CLANG_WARN_BOOL_CONVERSION = YES;
				CLANG_WARN_COMMA = YES;
				CLANG_WARN_CONSTANT_CONVERSION = YES;
				CLANG_WARN_DEPRECATED_OBJC_IMPLEMENTATIONS = YES;
				CLANG_WARN_DIRECT_OBJC_ISA_USAGE = YES_ERROR;
				CLANG_WARN_DOCUMENTATION_COMMENTS = YES;
				CLANG_WARN_EMPTY_BODY = YES;
				CLANG_WARN_ENUM_CONVERSION = YES;
				CLANG_WARN_INFINITE_RECURSION = YES;
				CLANG_WARN_INT_CONVERSION = YES;
				CLANG_WARN_NON_LITERAL_NULL_CONVERSION = YES;
				CLANG_WARN_OBJC_IMPLICIT_RETAIN_SELF = YES;
				CLANG_WARN_OBJC_LITERAL_CONVERSION = YES;
				CLANG_WARN_OBJC_ROOT_CLASS = YES_ERROR;
				CLANG_WARN_QUOTED_INCLUDE_IN_FRAMEWORK_HEADER = YES;
				CLANG_WARN_RANGE_LOOP_ANALYSIS = YES;
				CLANG_WARN_STRICT_PROTOTYPES = YES;
				CLANG_WARN_SUSPICIOUS_MOVE = YES;
				CLANG_WARN_UNGUARDED_AVAILABILITY = YES_AGGRESSIVE;
				CLANG_WARN_UNREACHABLE_CODE = YES;
				CLANG_WARN__DUPLICATE_METHOD_MATCH = YES;
				COPY_PHASE_STRIP = NO;
				DEBUG_INFORMATION_FORMAT = "dwarf-with-dsym";
				ENABLE_NS_ASSERTIONS = NO;
				ENABLE_STRICT_OBJC_MSGSEND = YES;
				GCC_C_LANGUAGE_STANDARD = gnu11;
				GCC_NO_COMMON_BLOCKS = YES;
				GCC_WARN_64_TO_32_BIT_CONVERSION = YES;
				GCC_WARN_ABOUT_RETURN_TYPE = YES_ERROR;
				GCC_WARN_UNDECLARED_SELECTOR = YES;
				GCC_WARN_UNINITIALIZED_AUTOS = YES_AGGRESSIVE;
				GCC_WARN_UNUSED_FUNCTION = YES;
				GCC_WARN_UNUSED_VARIABLE = YES;
				IPHONEOS_DEPLOYMENT_TARGET = 14.6;
				MTL_ENABLE_DEBUG_INFO = NO;
				MTL_FAST_MATH = YES;
				SDKROOT = iphoneos;
				SWIFT_COMPILATION_MODE = wholemodule;
				SWIFT_OPTIMIZATION_LEVEL = "-O";
				VALIDATE_PRODUCT = YES;
			};
			name = Release;
		};
		21FC8118297181710062BF32 /* Debug */ = {
			isa = XCBuildConfiguration;
			buildSettings = {
				ASSETCATALOG_COMPILER_APPICON_NAME = AppIcon;
				ASSETCATALOG_COMPILER_GLOBAL_ACCENT_COLOR_NAME = AccentColor;
				CODE_SIGN_STYLE = Automatic;
				CURRENT_PROJECT_VERSION = 1;
				DEVELOPMENT_TEAM = L4XY5FPFQW;
				GENERATE_INFOPLIST_FILE = YES;
				INFOPLIST_FILE = five/Info.plist;
				INFOPLIST_KEY_UIApplicationSupportsIndirectInputEvents = YES;
				INFOPLIST_KEY_UILaunchStoryboardName = LaunchScreen;
				INFOPLIST_KEY_UIMainStoryboardFile = Main;
				INFOPLIST_KEY_UISupportedInterfaceOrientations_iPad = "UIInterfaceOrientationPortrait UIInterfaceOrientationPortraitUpsideDown UIInterfaceOrientationLandscapeLeft UIInterfaceOrientationLandscapeRight";
				INFOPLIST_KEY_UISupportedInterfaceOrientations_iPhone = "UIInterfaceOrientationPortrait UIInterfaceOrientationLandscapeLeft UIInterfaceOrientationLandscapeRight";
				IPHONEOS_DEPLOYMENT_TARGET = 14.6;
				LD_RUNPATH_SEARCH_PATHS = (
					"$(inherited)",
					"@executable_path/Frameworks",
				);
				MARKETING_VERSION = 1.0;
				PRODUCT_BUNDLE_IDENTIFIER = rrr.lbta.five;
				PRODUCT_NAME = "$(TARGET_NAME)";
				SWIFT_EMIT_LOC_STRINGS = YES;
				SWIFT_VERSION = 5.0;
				TARGETED_DEVICE_FAMILY = "1,2";
			};
			name = Debug;
		};
		21FC8119297181710062BF32 /* Release */ = {
			isa = XCBuildConfiguration;
			buildSettings = {
				ASSETCATALOG_COMPILER_APPICON_NAME = AppIcon;
				ASSETCATALOG_COMPILER_GLOBAL_ACCENT_COLOR_NAME = AccentColor;
				CODE_SIGN_STYLE = Automatic;
				CURRENT_PROJECT_VERSION = 1;
				DEVELOPMENT_TEAM = L4XY5FPFQW;
				GENERATE_INFOPLIST_FILE = YES;
				INFOPLIST_FILE = five/Info.plist;
				INFOPLIST_KEY_UIApplicationSupportsIndirectInputEvents = YES;
				INFOPLIST_KEY_UILaunchStoryboardName = LaunchScreen;
				INFOPLIST_KEY_UIMainStoryboardFile = Main;
				INFOPLIST_KEY_UISupportedInterfaceOrientations_iPad = "UIInterfaceOrientationPortrait UIInterfaceOrientationPortraitUpsideDown UIInterfaceOrientationLandscapeLeft UIInterfaceOrientationLandscapeRight";
				INFOPLIST_KEY_UISupportedInterfaceOrientations_iPhone = "UIInterfaceOrientationPortrait UIInterfaceOrientationLandscapeLeft UIInterfaceOrientationLandscapeRight";
				IPHONEOS_DEPLOYMENT_TARGET = 14.6;
				LD_RUNPATH_SEARCH_PATHS = (
					"$(inherited)",
					"@executable_path/Frameworks",
				);
				MARKETING_VERSION = 1.0;
				PRODUCT_BUNDLE_IDENTIFIER = rrr.lbta.five;
				PRODUCT_NAME = "$(TARGET_NAME)";
				SWIFT_EMIT_LOC_STRINGS = YES;
				SWIFT_VERSION = 5.0;
				TARGETED_DEVICE_FAMILY = "1,2";
			};
			name = Release;
		};
/* End XCBuildConfiguration section */

/* Begin XCConfigurationList section */
		21FC80FE2971816F0062BF32 /* Build configuration list for PBXProject "five" */ = {
			isa = XCConfigurationList;
			buildConfigurations = (
				21FC8115297181710062BF32 /* Debug */,
				21FC8116297181710062BF32 /* Release */,
			);
			defaultConfigurationIsVisible = 0;
			defaultConfigurationName = Release;
		};
		21FC8117297181710062BF32 /* Build configuration list for PBXNativeTarget "five" */ = {
			isa = XCConfigurationList;
			buildConfigurations = (
				21FC8118297181710062BF32 /* Debug */,
				21FC8119297181710062BF32 /* Release */,
			);
			defaultConfigurationIsVisible = 0;
			defaultConfigurationName = Release;
		};
/* End XCConfigurationList section */
	};
	rootObject = 21FC80FB2971816F0062BF32 /* Project object */;
}
